
Microsoft Visual Studio Solution File, Format Version 12.00
# Visual Studio Version 17
VisualStudioVersion = 17.3.32804.467
MinimumVisualStudioVersion = 10.0.40219.1
Project("{9A19103F-16F7-4668-BE54-9A1E7A4F7556}") = "KampIntroOdev", "KampIntroOdev\KampIntroOdev.csproj", "{1877FFAA-49FA-441D-8459-53FB8C2EEA10}"
EndProject
Project("{2150E333-8FDC-42A3-9474-1A3956D46DE8}") = "Gun1", "Gun1", "{2F9713B8-F910-41D1-B4AA-632899A17FD8}"
EndProject
Project("{2150E333-8FDC-42A3-9474-1A3956D46DE8}") = "Gun2", "Gun2", "{185A39F4-994F-41F5-9C61-D05E739E7548}"
EndProject
Project("{2150E333-8FDC-42A3-9474-1A3956D46DE8}") = "Gun3", "Gun3", "{D9A9EB3A-71A3-4C4E-9733-803D720126D4}"
EndProject
Project("{2150E333-8FDC-42A3-9474-1A3956D46DE8}") = "Odev2_1", "Odev2_1", "{0EE871FB-5157-4DA0-87F9-F78BB413963B}"
EndProject
Project("{9A19103F-16F7-4668-BE54-9A1E7A4F7556}") = "Odev2_1", "Odev2_1\Odev2_1.csproj", "{2DE5649C-BF0F-4093-AD8A-6B529A5DCCEE}"
EndProject
Project("{2150E333-8FDC-42A3-9474-1A3956D46DE8}") = "Odev2_2", "Odev2_2", "{FBD1C282-F46C-4F9F-A490-34C225C7CEA2}"
EndProject
Project("{9A19103F-16F7-4668-BE54-9A1E7A4F7556}") = "ClassMetotDemo", "ClassMetotDemo\ClassMetotDemo.csproj", "{A1A42399-8AC0-4E9D-8B2A-EE600F8BE6C1}"
EndProject
Project("{2150E333-8FDC-42A3-9474-1A3956D46DE8}") = "Odev3_1", "Odev3_1", "{524F9911-E5DD-44C3-BA9B-1F4173505613}"
EndProject
Project("{9A19103F-16F7-4668-BE54-9A1E7A4F7556}") = "ReferenceTypes", "ReferencTypes\ReferenceTypes.csproj", "{01230BDA-FAE2-4FE8-AD9C-90BA64350BE1}"
EndProject
Project("{2150E333-8FDC-42A3-9474-1A3956D46DE8}") = "Odev3_2", "Odev3_2", "{EDF4559B-D9A6-413C-ACCA-95F778174B74}"
EndProject
Project("{9A19103F-16F7-4668-BE54-9A1E7A4F7556}") = "Constructors", "Constructors\Constructors.csproj", "{99098531-F827-42C1-BBB1-C4E9441E5C80}"
EndProject
Project("{2150E333-8FDC-42A3-9474-1A3956D46DE8}") = "Odev3_3", "Odev3_3", "{E478F29A-61F4-4BC6-A61C-8F2C84AFD3BF}"
EndProject
Project("{9A19103F-16F7-4668-BE54-9A1E7A4F7556}") = "Generics", "Generics\Generics.csproj", "{9C043543-7C46-488C-8124-EBDA3FCA0AF0}"
EndProject
Project("{2150E333-8FDC-42A3-9474-1A3956D46DE8}") = "Odev3_4", "Odev3_4", "{FD20836E-FF4D-4AAF-9333-182A37E7BDB7}"
EndProject
Project("{9A19103F-16F7-4668-BE54-9A1E7A4F7556}") = "Dictionary", "Dictionary\Dictionary.csproj", "{CF77D61D-616C-465A-971B-348387910854}"
EndProject
Project("{2150E333-8FDC-42A3-9474-1A3956D46DE8}") = "Odev3_5", "Odev3_5", "{1DFAA7FE-33EA-495D-A252-23F4BD6E5EC0}"
EndProject
Project("{9A19103F-16F7-4668-BE54-9A1E7A4F7556}") = "MyDictionary", "MyDictionary\MyDictionary.csproj", "{CBA7E540-7449-4C93-9076-A11D917AC168}"
EndProject
Project("{2150E333-8FDC-42A3-9474-1A3956D46DE8}") = "Gun4", "Gun4", "{A3B9488D-C508-44C4-8440-694B058470A0}"
EndProject
Project("{2150E333-8FDC-42A3-9474-1A3956D46DE8}") = "Odev4_1", "Odev4_1", "{5DB00B80-D8F8-496A-BBAC-5EF57378A964}"
EndProject
Project("{9A19103F-16F7-4668-BE54-9A1E7A4F7556}") = "Classes", "Classes\Classes.csproj", "{CF982C69-5597-4B95-8C3F-D08E971009F7}"
EndProject
Project("{FAE04EC0-301F-11D3-BF4B-00C04F79EFBC}") = "RecapDemo1", "RecapDemo1\RecapDemo1.csproj", "{BFC32FC5-0615-4235-B53A-A49601B38EA6}"
EndProject
Project("{2150E333-8FDC-42A3-9474-1A3956D46DE8}") = "Odev4_2", "Odev4_2", "{63D75CA8-C34C-476A-9B3B-C719D7106FE3}"
EndProject
Project("{9A19103F-16F7-4668-BE54-9A1E7A4F7556}") = "Interfaces", "Interfaces\Interfaces.csproj", "{1EE9CFF4-19D2-4E38-B115-34F976D53F29}"
EndProject
Project("{9A19103F-16F7-4668-BE54-9A1E7A4F7556}") = "InterfacesDemo", "InterfacesDemo\InterfacesDemo.csproj", "{617B6DA2-004D-4B63-AF3C-BC5A7A851190}"
EndProject
Project("{9A19103F-16F7-4668-BE54-9A1E7A4F7556}") = "Inheritance", "Inheritance\Inheritance.csproj", "{FA450016-7189-4B57-82F3-1B1E400E3734}"
EndProject
Project("{2150E333-8FDC-42A3-9474-1A3956D46DE8}") = "Odev4_3", "Odev4_3", "{4E973A44-EE12-4EBA-9D25-86900E3B430C}"
EndProject
Project("{9A19103F-16F7-4668-BE54-9A1E7A4F7556}") = "Interfaces1", "Interfaces1\Interfaces1.csproj", "{F69A01E0-95AE-4F0F-BA73-624027BA0769}"
EndProject
Project("{2150E333-8FDC-42A3-9474-1A3956D46DE8}") = "Odev4_5", "Odev4_5", "{64A6D50B-FA8C-4528-B2A2-A0C2CD5EBD5F}"
EndProject
Project("{2150E333-8FDC-42A3-9474-1A3956D46DE8}") = "Odev4_4", "Odev4_4", "{3F989E3F-609E-4DCC-A69B-85E5D206054B}"
EndProject
Project("{9A19103F-16F7-4668-BE54-9A1E7A4F7556}") = "AbstractClass1", "AbstractClass1\AbstractClass1.csproj", "{95A0F978-E6F3-4418-AAEA-F25F5069570F}"
EndProject
Project("{9A19103F-16F7-4668-BE54-9A1E7A4F7556}") = "GamerManagerSystem", "GamerManagerSystem\GamerManagerSystem.csproj", "{6AD570E1-9F0F-424B-8C86-E1AE498BA703}"
EndProject
Project("{9A19103F-16F7-4668-BE54-9A1E7A4F7556}") = "CoffeeCustomerManagerSystemDemo", "CoffeeCustomerManagerSystemDemo\CoffeeCustomerManagerSystemDemo.csproj", "{8B2CAE14-C245-43AD-B044-CA32D4AAD5C4}"
EndProject
Project("{2150E333-8FDC-42A3-9474-1A3956D46DE8}") = "Gun5", "Gun5", "{D0A28234-FD34-438A-95B3-F5C2E207C61A}"
EndProject
Project("{2150E333-8FDC-42A3-9474-1A3956D46DE8}") = "Gun6", "Gun6", "{54241DE1-E17C-48D5-9CAA-68DF4FA6A1E7}"
EndProject
Project("{FAE04EC0-301F-11D3-BF4B-00C04F79EFBC}") = "LinqProject", "LinqProject\LinqProject.csproj", "{925E6B90-9D0F-4710-9B8B-16316B62AB30}"
EndProject
Global
	GlobalSection(SolutionConfigurationPlatforms) = preSolution
		Debug|Any CPU = Debug|Any CPU
		Release|Any CPU = Release|Any CPU
	EndGlobalSection
	GlobalSection(ProjectConfigurationPlatforms) = postSolution
		{1877FFAA-49FA-441D-8459-53FB8C2EEA10}.Debug|Any CPU.ActiveCfg = Debug|Any CPU
		{1877FFAA-49FA-441D-8459-53FB8C2EEA10}.Debug|Any CPU.Build.0 = Debug|Any CPU
		{1877FFAA-49FA-441D-8459-53FB8C2EEA10}.Release|Any CPU.ActiveCfg = Release|Any CPU
		{1877FFAA-49FA-441D-8459-53FB8C2EEA10}.Release|Any CPU.Build.0 = Release|Any CPU
		{2DE5649C-BF0F-4093-AD8A-6B529A5DCCEE}.Debug|Any CPU.ActiveCfg = Debug|Any CPU
		{2DE5649C-BF0F-4093-AD8A-6B529A5DCCEE}.Debug|Any CPU.Build.0 = Debug|Any CPU
		{2DE5649C-BF0F-4093-AD8A-6B529A5DCCEE}.Release|Any CPU.ActiveCfg = Release|Any CPU
		{2DE5649C-BF0F-4093-AD8A-6B529A5DCCEE}.Release|Any CPU.Build.0 = Release|Any CPU
		{A1A42399-8AC0-4E9D-8B2A-EE600F8BE6C1}.Debug|Any CPU.ActiveCfg = Debug|Any CPU
		{A1A42399-8AC0-4E9D-8B2A-EE600F8BE6C1}.Debug|Any CPU.Build.0 = Debug|Any CPU
		{A1A42399-8AC0-4E9D-8B2A-EE600F8BE6C1}.Release|Any CPU.ActiveCfg = Release|Any CPU
		{A1A42399-8AC0-4E9D-8B2A-EE600F8BE6C1}.Release|Any CPU.Build.0 = Release|Any CPU
		{01230BDA-FAE2-4FE8-AD9C-90BA64350BE1}.Debug|Any CPU.ActiveCfg = Debug|Any CPU
		{01230BDA-FAE2-4FE8-AD9C-90BA64350BE1}.Debug|Any CPU.Build.0 = Debug|Any CPU
		{01230BDA-FAE2-4FE8-AD9C-90BA64350BE1}.Release|Any CPU.ActiveCfg = Release|Any CPU
		{01230BDA-FAE2-4FE8-AD9C-90BA64350BE1}.Release|Any CPU.Build.0 = Release|Any CPU
		{99098531-F827-42C1-BBB1-C4E9441E5C80}.Debug|Any CPU.ActiveCfg = Debug|Any CPU
		{99098531-F827-42C1-BBB1-C4E9441E5C80}.Debug|Any CPU.Build.0 = Debug|Any CPU
		{99098531-F827-42C1-BBB1-C4E9441E5C80}.Release|Any CPU.ActiveCfg = Release|Any CPU
		{99098531-F827-42C1-BBB1-C4E9441E5C80}.Release|Any CPU.Build.0 = Release|Any CPU
		{9C043543-7C46-488C-8124-EBDA3FCA0AF0}.Debug|Any CPU.ActiveCfg = Debug|Any CPU
		{9C043543-7C46-488C-8124-EBDA3FCA0AF0}.Debug|Any CPU.Build.0 = Debug|Any CPU
		{9C043543-7C46-488C-8124-EBDA3FCA0AF0}.Release|Any CPU.ActiveCfg = Release|Any CPU
		{9C043543-7C46-488C-8124-EBDA3FCA0AF0}.Release|Any CPU.Build.0 = Release|Any CPU
		{CF77D61D-616C-465A-971B-348387910854}.Debug|Any CPU.ActiveCfg = Debug|Any CPU
		{CF77D61D-616C-465A-971B-348387910854}.Debug|Any CPU.Build.0 = Debug|Any CPU
		{CF77D61D-616C-465A-971B-348387910854}.Release|Any CPU.ActiveCfg = Release|Any CPU
		{CF77D61D-616C-465A-971B-348387910854}.Release|Any CPU.Build.0 = Release|Any CPU
		{CBA7E540-7449-4C93-9076-A11D917AC168}.Debug|Any CPU.ActiveCfg = Debug|Any CPU
		{CBA7E540-7449-4C93-9076-A11D917AC168}.Debug|Any CPU.Build.0 = Debug|Any CPU
		{CBA7E540-7449-4C93-9076-A11D917AC168}.Release|Any CPU.ActiveCfg = Release|Any CPU
		{CBA7E540-7449-4C93-9076-A11D917AC168}.Release|Any CPU.Build.0 = Release|Any CPU
		{CF982C69-5597-4B95-8C3F-D08E971009F7}.Debug|Any CPU.ActiveCfg = Debug|Any CPU
		{CF982C69-5597-4B95-8C3F-D08E971009F7}.Debug|Any CPU.Build.0 = Debug|Any CPU
		{CF982C69-5597-4B95-8C3F-D08E971009F7}.Release|Any CPU.ActiveCfg = Release|Any CPU
		{CF982C69-5597-4B95-8C3F-D08E971009F7}.Release|Any CPU.Build.0 = Release|Any CPU
		{BFC32FC5-0615-4235-B53A-A49601B38EA6}.Debug|Any CPU.ActiveCfg = Debug|Any CPU
		{BFC32FC5-0615-4235-B53A-A49601B38EA6}.Debug|Any CPU.Build.0 = Debug|Any CPU
		{BFC32FC5-0615-4235-B53A-A49601B38EA6}.Release|Any CPU.ActiveCfg = Release|Any CPU
		{BFC32FC5-0615-4235-B53A-A49601B38EA6}.Release|Any CPU.Build.0 = Release|Any CPU
		{1EE9CFF4-19D2-4E38-B115-34F976D53F29}.Debug|Any CPU.ActiveCfg = Debug|Any CPU
		{1EE9CFF4-19D2-4E38-B115-34F976D53F29}.Debug|Any CPU.Build.0 = Debug|Any CPU
		{1EE9CFF4-19D2-4E38-B115-34F976D53F29}.Release|Any CPU.ActiveCfg = Release|Any CPU
		{1EE9CFF4-19D2-4E38-B115-34F976D53F29}.Release|Any CPU.Build.0 = Release|Any CPU
		{617B6DA2-004D-4B63-AF3C-BC5A7A851190}.Debug|Any CPU.ActiveCfg = Debug|Any CPU
		{617B6DA2-004D-4B63-AF3C-BC5A7A851190}.Debug|Any CPU.Build.0 = Debug|Any CPU
		{617B6DA2-004D-4B63-AF3C-BC5A7A851190}.Release|Any CPU.ActiveCfg = Release|Any CPU
		{617B6DA2-004D-4B63-AF3C-BC5A7A851190}.Release|Any CPU.Build.0 = Release|Any CPU
		{FA450016-7189-4B57-82F3-1B1E400E3734}.Debug|Any CPU.ActiveCfg = Debug|Any CPU
		{FA450016-7189-4B57-82F3-1B1E400E3734}.Debug|Any CPU.Build.0 = Debug|Any CPU
		{FA450016-7189-4B57-82F3-1B1E400E3734}.Release|Any CPU.ActiveCfg = Release|Any CPU
		{FA450016-7189-4B57-82F3-1B1E400E3734}.Release|Any CPU.Build.0 = Release|Any CPU
		{F69A01E0-95AE-4F0F-BA73-624027BA0769}.Debug|Any CPU.ActiveCfg = Debug|Any CPU
		{F69A01E0-95AE-4F0F-BA73-624027BA0769}.Debug|Any CPU.Build.0 = Debug|Any CPU
		{F69A01E0-95AE-4F0F-BA73-624027BA0769}.Release|Any CPU.ActiveCfg = Release|Any CPU
		{F69A01E0-95AE-4F0F-BA73-624027BA0769}.Release|Any CPU.Build.0 = Release|Any CPU
		{95A0F978-E6F3-4418-AAEA-F25F5069570F}.Debug|Any CPU.ActiveCfg = Debug|Any CPU
		{95A0F978-E6F3-4418-AAEA-F25F5069570F}.Debug|Any CPU.Build.0 = Debug|Any CPU
		{95A0F978-E6F3-4418-AAEA-F25F5069570F}.Release|Any CPU.ActiveCfg = Release|Any CPU
		{95A0F978-E6F3-4418-AAEA-F25F5069570F}.Release|Any CPU.Build.0 = Release|Any CPU
		{6AD570E1-9F0F-424B-8C86-E1AE498BA703}.Debug|Any CPU.ActiveCfg = Debug|Any CPU
		{6AD570E1-9F0F-424B-8C86-E1AE498BA703}.Debug|Any CPU.Build.0 = Debug|Any CPU
		{6AD570E1-9F0F-424B-8C86-E1AE498BA703}.Release|Any CPU.ActiveCfg = Release|Any CPU
		{6AD570E1-9F0F-424B-8C86-E1AE498BA703}.Release|Any CPU.Build.0 = Release|Any CPU
		{8B2CAE14-C245-43AD-B044-CA32D4AAD5C4}.Debug|Any CPU.ActiveCfg = Debug|Any CPU
		{8B2CAE14-C245-43AD-B044-CA32D4AAD5C4}.Debug|Any CPU.Build.0 = Debug|Any CPU
		{8B2CAE14-C245-43AD-B044-CA32D4AAD5C4}.Release|Any CPU.ActiveCfg = Release|Any CPU
		{8B2CAE14-C245-43AD-B044-CA32D4AAD5C4}.Release|Any CPU.Build.0 = Release|Any CPU
		{925E6B90-9D0F-4710-9B8B-16316B62AB30}.Debug|Any CPU.ActiveCfg = Debug|Any CPU
		{925E6B90-9D0F-4710-9B8B-16316B62AB30}.Debug|Any CPU.Build.0 = Debug|Any CPU
		{925E6B90-9D0F-4710-9B8B-16316B62AB30}.Release|Any CPU.ActiveCfg = Release|Any CPU
		{925E6B90-9D0F-4710-9B8B-16316B62AB30}.Release|Any CPU.Build.0 = Release|Any CPU
	EndGlobalSection
	GlobalSection(SolutionProperties) = preSolution
		HideSolutionNode = FALSE
	EndGlobalSection
	GlobalSection(NestedProjects) = preSolution
		{0EE871FB-5157-4DA0-87F9-F78BB413963B} = {185A39F4-994F-41F5-9C61-D05E739E7548}
		{2DE5649C-BF0F-4093-AD8A-6B529A5DCCEE} = {0EE871FB-5157-4DA0-87F9-F78BB413963B}
		{FBD1C282-F46C-4F9F-A490-34C225C7CEA2} = {185A39F4-994F-41F5-9C61-D05E739E7548}
		{A1A42399-8AC0-4E9D-8B2A-EE600F8BE6C1} = {FBD1C282-F46C-4F9F-A490-34C225C7CEA2}
		{524F9911-E5DD-44C3-BA9B-1F4173505613} = {D9A9EB3A-71A3-4C4E-9733-803D720126D4}
		{01230BDA-FAE2-4FE8-AD9C-90BA64350BE1} = {524F9911-E5DD-44C3-BA9B-1F4173505613}
		{EDF4559B-D9A6-413C-ACCA-95F778174B74} = {D9A9EB3A-71A3-4C4E-9733-803D720126D4}
		{99098531-F827-42C1-BBB1-C4E9441E5C80} = {EDF4559B-D9A6-413C-ACCA-95F778174B74}
		{E478F29A-61F4-4BC6-A61C-8F2C84AFD3BF} = {D9A9EB3A-71A3-4C4E-9733-803D720126D4}
		{9C043543-7C46-488C-8124-EBDA3FCA0AF0} = {E478F29A-61F4-4BC6-A61C-8F2C84AFD3BF}
		{FD20836E-FF4D-4AAF-9333-182A37E7BDB7} = {D9A9EB3A-71A3-4C4E-9733-803D720126D4}
		{CF77D61D-616C-465A-971B-348387910854} = {FD20836E-FF4D-4AAF-9333-182A37E7BDB7}
		{1DFAA7FE-33EA-495D-A252-23F4BD6E5EC0} = {D9A9EB3A-71A3-4C4E-9733-803D720126D4}
		{CBA7E540-7449-4C93-9076-A11D917AC168} = {1DFAA7FE-33EA-495D-A252-23F4BD6E5EC0}
		{5DB00B80-D8F8-496A-BBAC-5EF57378A964} = {A3B9488D-C508-44C4-8440-694B058470A0}
		{CF982C69-5597-4B95-8C3F-D08E971009F7} = {5DB00B80-D8F8-496A-BBAC-5EF57378A964}
		{BFC32FC5-0615-4235-B53A-A49601B38EA6} = {5DB00B80-D8F8-496A-BBAC-5EF57378A964}
		{63D75CA8-C34C-476A-9B3B-C719D7106FE3} = {A3B9488D-C508-44C4-8440-694B058470A0}
		{1EE9CFF4-19D2-4E38-B115-34F976D53F29} = {5DB00B80-D8F8-496A-BBAC-5EF57378A964}
		{617B6DA2-004D-4B63-AF3C-BC5A7A851190} = {5DB00B80-D8F8-496A-BBAC-5EF57378A964}
		{FA450016-7189-4B57-82F3-1B1E400E3734} = {5DB00B80-D8F8-496A-BBAC-5EF57378A964}
		{4E973A44-EE12-4EBA-9D25-86900E3B430C} = {A3B9488D-C508-44C4-8440-694B058470A0}
		{F69A01E0-95AE-4F0F-BA73-624027BA0769} = {63D75CA8-C34C-476A-9B3B-C719D7106FE3}
		{64A6D50B-FA8C-4528-B2A2-A0C2CD5EBD5F} = {A3B9488D-C508-44C4-8440-694B058470A0}
		{3F989E3F-609E-4DCC-A69B-85E5D206054B} = {A3B9488D-C508-44C4-8440-694B058470A0}
		{95A0F978-E6F3-4418-AAEA-F25F5069570F} = {4E973A44-EE12-4EBA-9D25-86900E3B430C}
		{6AD570E1-9F0F-424B-8C86-E1AE498BA703} = {64A6D50B-FA8C-4528-B2A2-A0C2CD5EBD5F}
		{8B2CAE14-C245-43AD-B044-CA32D4AAD5C4} = {3F989E3F-609E-4DCC-A69B-85E5D206054B}
		{925E6B90-9D0F-4710-9B8B-16316B62AB30} = {54241DE1-E17C-48D5-9CAA-68DF4FA6A1E7}
	EndGlobalSection
	GlobalSection(ExtensibilityGlobals) = postSolution
		SolutionGuid = {8BDDA0B0-ACF5-4593-A496-E704295715A4}
	EndGlobalSection
EndGlobal
