
Microsoft Visual Studio Solution File, Format Version 12.00
# Visual Studio Version 16
VisualStudioVersion = 16.0.32126.315
MinimumVisualStudioVersion = 10.0.40219.1
Project("{9A19103F-16F7-4668-BE54-9A1E7A4F7556}") = "KampIntroOdev", "KampIntroOdev\KampIntroOdev.csproj", "{1877FFAA-49FA-441D-8459-53FB8C2EEA10}"
EndProject
Project("{2150E333-8FDC-42A3-9474-1A3956D46DE8}") = "Gun1", "Gun1", "{2F9713B8-F910-41D1-B4AA-632899A17FD8}"
EndProject
Project("{2150E333-8FDC-42A3-9474-1A3956D46DE8}") = "Gun2", "Gun2", "{185A39F4-994F-41F5-9C61-D05E739E7548}"
EndProject
Project("{2150E333-8FDC-42A3-9474-1A3956D46DE8}") = "Gun3", "Gun3", "{D9A9EB3A-71A3-4C4E-9733-803D720126D4}"
EndProject
Project("{2150E333-8FDC-42A3-9474-1A3956D46DE8}") = "Odev2_1", "Odev2_1", "{0EE871FB-5157-4DA0-87F9-F78BB413963B}"
EndProject
Project("{FAE04EC0-301F-11D3-BF4B-00C04F79EFBC}") = "Odev2_1", "Odev2_1\Odev2_1.csproj", "{2DE5649C-BF0F-4093-AD8A-6B529A5DCCEE}"
EndProject
Project("{2150E333-8FDC-42A3-9474-1A3956D46DE8}") = "Odev2_2", "Odev2_2", "{FBD1C282-F46C-4F9F-A490-34C225C7CEA2}"
EndProject
Project("{FAE04EC0-301F-11D3-BF4B-00C04F79EFBC}") = "ClassMetotDemo", "ClassMetotDemo\ClassMetotDemo.csproj", "{A1A42399-8AC0-4E9D-8B2A-EE600F8BE6C1}"
EndProject
Project("{2150E333-8FDC-42A3-9474-1A3956D46DE8}") = "Odev3_1", "Odev3_1", "{524F9911-E5DD-44C3-BA9B-1F4173505613}"
EndProject
Project("{FAE04EC0-301F-11D3-BF4B-00C04F79EFBC}") = "ReferenceTypes", "ReferencTypes\ReferenceTypes.csproj", "{01230BDA-FAE2-4FE8-AD9C-90BA64350BE1}"
EndProject
Project("{2150E333-8FDC-42A3-9474-1A3956D46DE8}") = "Odev3_2", "Odev3_2", "{EDF4559B-D9A6-413C-ACCA-95F778174B74}"
EndProject
Project("{FAE04EC0-301F-11D3-BF4B-00C04F79EFBC}") = "Constructors", "Constructors\Constructors.csproj", "{99098531-F827-42C1-BBB1-C4E9441E5C80}"
EndProject
Project("{2150E333-8FDC-42A3-9474-1A3956D46DE8}") = "Odev3_3", "Odev3_3", "{E478F29A-61F4-4BC6-A61C-8F2C84AFD3BF}"
EndProject
Project("{FAE04EC0-301F-11D3-BF4B-00C04F79EFBC}") = "Generics", "Generics\Generics.csproj", "{9C043543-7C46-488C-8124-EBDA3FCA0AF0}"
EndProject
Project("{2150E333-8FDC-42A3-9474-1A3956D46DE8}") = "Odev3_4", "Odev3_4", "{FD20836E-FF4D-4AAF-9333-182A37E7BDB7}"
EndProject
Project("{FAE04EC0-301F-11D3-BF4B-00C04F79EFBC}") = "Dictionary", "Dictionary\Dictionary.csproj", "{CF77D61D-616C-465A-971B-348387910854}"
EndProject
Project("{2150E333-8FDC-42A3-9474-1A3956D46DE8}") = "Odev3_5", "Odev3_5", "{1DFAA7FE-33EA-495D-A252-23F4BD6E5EC0}"
EndProject
Project("{FAE04EC0-301F-11D3-BF4B-00C04F79EFBC}") = "MyDictionary", "MyDictionary\MyDictionary.csproj", "{CBA7E540-7449-4C93-9076-A11D917AC168}"
EndProject
Global
	GlobalSection(SolutionConfigurationPlatforms) = preSolution
		Debug|Any CPU = Debug|Any CPU
		Release|Any CPU = Release|Any CPU
	EndGlobalSection
	GlobalSection(ProjectConfigurationPlatforms) = postSolution
		{1877FFAA-49FA-441D-8459-53FB8C2EEA10}.Debug|Any CPU.ActiveCfg = Debug|Any CPU
		{1877FFAA-49FA-441D-8459-53FB8C2EEA10}.Debug|Any CPU.Build.0 = Debug|Any CPU
		{1877FFAA-49FA-441D-8459-53FB8C2EEA10}.Release|Any CPU.ActiveCfg = Release|Any CPU
		{1877FFAA-49FA-441D-8459-53FB8C2EEA10}.Release|Any CPU.Build.0 = Release|Any CPU
		{2DE5649C-BF0F-4093-AD8A-6B529A5DCCEE}.Debug|Any CPU.ActiveCfg = Debug|Any CPU
		{2DE5649C-BF0F-4093-AD8A-6B529A5DCCEE}.Debug|Any CPU.Build.0 = Debug|Any CPU
		{2DE5649C-BF0F-4093-AD8A-6B529A5DCCEE}.Release|Any CPU.ActiveCfg = Release|Any CPU
		{2DE5649C-BF0F-4093-AD8A-6B529A5DCCEE}.Release|Any CPU.Build.0 = Release|Any CPU
		{A1A42399-8AC0-4E9D-8B2A-EE600F8BE6C1}.Debug|Any CPU.ActiveCfg = Debug|Any CPU
		{A1A42399-8AC0-4E9D-8B2A-EE600F8BE6C1}.Debug|Any CPU.Build.0 = Debug|Any CPU
		{A1A42399-8AC0-4E9D-8B2A-EE600F8BE6C1}.Release|Any CPU.ActiveCfg = Release|Any CPU
		{A1A42399-8AC0-4E9D-8B2A-EE600F8BE6C1}.Release|Any CPU.Build.0 = Release|Any CPU
		{01230BDA-FAE2-4FE8-AD9C-90BA64350BE1}.Debug|Any CPU.ActiveCfg = Debug|Any CPU
		{01230BDA-FAE2-4FE8-AD9C-90BA64350BE1}.Debug|Any CPU.Build.0 = Debug|Any CPU
		{01230BDA-FAE2-4FE8-AD9C-90BA64350BE1}.Release|Any CPU.ActiveCfg = Release|Any CPU
		{01230BDA-FAE2-4FE8-AD9C-90BA64350BE1}.Release|Any CPU.Build.0 = Release|Any CPU
		{99098531-F827-42C1-BBB1-C4E9441E5C80}.Debug|Any CPU.ActiveCfg = Debug|Any CPU
		{99098531-F827-42C1-BBB1-C4E9441E5C80}.Debug|Any CPU.Build.0 = Debug|Any CPU
		{99098531-F827-42C1-BBB1-C4E9441E5C80}.Release|Any CPU.ActiveCfg = Release|Any CPU
		{99098531-F827-42C1-BBB1-C4E9441E5C80}.Release|Any CPU.Build.0 = Release|Any CPU
		{9C043543-7C46-488C-8124-EBDA3FCA0AF0}.Debug|Any CPU.ActiveCfg = Debug|Any CPU
		{9C043543-7C46-488C-8124-EBDA3FCA0AF0}.Debug|Any CPU.Build.0 = Debug|Any CPU
		{9C043543-7C46-488C-8124-EBDA3FCA0AF0}.Release|Any CPU.ActiveCfg = Release|Any CPU
		{9C043543-7C46-488C-8124-EBDA3FCA0AF0}.Release|Any CPU.Build.0 = Release|Any CPU
		{CF77D61D-616C-465A-971B-348387910854}.Debug|Any CPU.ActiveCfg = Debug|Any CPU
		{CF77D61D-616C-465A-971B-348387910854}.Debug|Any CPU.Build.0 = Debug|Any CPU
		{CF77D61D-616C-465A-971B-348387910854}.Release|Any CPU.ActiveCfg = Release|Any CPU
		{CF77D61D-616C-465A-971B-348387910854}.Release|Any CPU.Build.0 = Release|Any CPU
		{CBA7E540-7449-4C93-9076-A11D917AC168}.Debug|Any CPU.ActiveCfg = Debug|Any CPU
		{CBA7E540-7449-4C93-9076-A11D917AC168}.Debug|Any CPU.Build.0 = Debug|Any CPU
		{CBA7E540-7449-4C93-9076-A11D917AC168}.Release|Any CPU.ActiveCfg = Release|Any CPU
		{CBA7E540-7449-4C93-9076-A11D917AC168}.Release|Any CPU.Build.0 = Release|Any CPU
	EndGlobalSection
	GlobalSection(SolutionProperties) = preSolution
		HideSolutionNode = FALSE
	EndGlobalSection
	GlobalSection(NestedProjects) = preSolution
		{0EE871FB-5157-4DA0-87F9-F78BB413963B} = {185A39F4-994F-41F5-9C61-D05E739E7548}
		{2DE5649C-BF0F-4093-AD8A-6B529A5DCCEE} = {0EE871FB-5157-4DA0-87F9-F78BB413963B}
		{FBD1C282-F46C-4F9F-A490-34C225C7CEA2} = {185A39F4-994F-41F5-9C61-D05E739E7548}
		{A1A42399-8AC0-4E9D-8B2A-EE600F8BE6C1} = {FBD1C282-F46C-4F9F-A490-34C225C7CEA2}
		{524F9911-E5DD-44C3-BA9B-1F4173505613} = {D9A9EB3A-71A3-4C4E-9733-803D720126D4}
		{01230BDA-FAE2-4FE8-AD9C-90BA64350BE1} = {524F9911-E5DD-44C3-BA9B-1F4173505613}
		{EDF4559B-D9A6-413C-ACCA-95F778174B74} = {D9A9EB3A-71A3-4C4E-9733-803D720126D4}
		{99098531-F827-42C1-BBB1-C4E9441E5C80} = {EDF4559B-D9A6-413C-ACCA-95F778174B74}
		{E478F29A-61F4-4BC6-A61C-8F2C84AFD3BF} = {D9A9EB3A-71A3-4C4E-9733-803D720126D4}
		{9C043543-7C46-488C-8124-EBDA3FCA0AF0} = {E478F29A-61F4-4BC6-A61C-8F2C84AFD3BF}
		{FD20836E-FF4D-4AAF-9333-182A37E7BDB7} = {D9A9EB3A-71A3-4C4E-9733-803D720126D4}
		{CF77D61D-616C-465A-971B-348387910854} = {FD20836E-FF4D-4AAF-9333-182A37E7BDB7}
		{1DFAA7FE-33EA-495D-A252-23F4BD6E5EC0} = {D9A9EB3A-71A3-4C4E-9733-803D720126D4}
		{CBA7E540-7449-4C93-9076-A11D917AC168} = {1DFAA7FE-33EA-495D-A252-23F4BD6E5EC0}
	EndGlobalSection
	GlobalSection(ExtensibilityGlobals) = postSolution
		SolutionGuid = {8BDDA0B0-ACF5-4593-A496-E704295715A4}
	EndGlobalSection
EndGlobal
