
Microsoft Visual Studio Solution File, Format Version 12.00
# Visual Studio Version 16
VisualStudioVersion = 16.0.32126.315
MinimumVisualStudioVersion = 10.0.40219.1
Project("{2150E333-8FDC-42A3-9474-1A3956D46DE8}") = "Gun1", "Gun1", "{822DF003-0FFB-489A-B3B0-2E403AB7B1E9}"
EndProject
Project("{2150E333-8FDC-42A3-9474-1A3956D46DE8}") = "Gun2", "Gun2", "{64B966FB-3902-410C-8FF3-C0B21243E178}"
EndProject
Project("{2150E333-8FDC-42A3-9474-1A3956D46DE8}") = "Gun3", "Gun3", "{031BD383-E513-491B-A532-CDBB3775CCF1}"
EndProject
Project("{9A19103F-16F7-4668-BE54-9A1E7A4F7556}") = "ClassMetotDemo", "ClassMetotDemo\ClassMetotDemo.csproj", "{7D03096C-0440-4A40-8C22-23595809F260}"
EndProject
Project("{9A19103F-16F7-4668-BE54-9A1E7A4F7556}") = "Odev1_1", "Odev1_1\Odev1_1.csproj", "{7EABF281-55F1-47BD-B44C-FDE5172211A8}"
EndProject
Project("{9A19103F-16F7-4668-BE54-9A1E7A4F7556}") = "Odev2_1", "Odev2_1\Odev2_1.csproj", "{C89D1C23-FBE7-442B-B1C1-CD87A888E268}"
EndProject
Project("{2150E333-8FDC-42A3-9474-1A3956D46DE8}") = "Odev3_1", "Odev3_1", "{D161CB54-8B28-4868-95C8-728BB81AA922}"
EndProject
Project("{9A19103F-16F7-4668-BE54-9A1E7A4F7556}") = "ReferenceTypes", "ReferenceTypes\ReferenceTypes.csproj", "{EC172631-E55E-46CA-89BF-A1A3920BC381}"
EndProject
Project("{2150E333-8FDC-42A3-9474-1A3956D46DE8}") = "Odev3_2", "Odev3_2", "{C350A458-71B3-4FD8-A2BE-F7EB3CD32C21}"
EndProject
Project("{9A19103F-16F7-4668-BE54-9A1E7A4F7556}") = "Constructors", "Constructors\Constructors.csproj", "{AC4A9AF0-4ABD-4E16-96A4-66A6C8BB2DAA}"
EndProject
Project("{2150E333-8FDC-42A3-9474-1A3956D46DE8}") = "Odev3_3", "Odev3_3", "{5A8CC88D-8A8A-4152-9E35-6B25120FD0BA}"
EndProject
Project("{9A19103F-16F7-4668-BE54-9A1E7A4F7556}") = "Generics", "Generics\Generics.csproj", "{D321B2F3-4D07-48BB-8123-7A5B770B2F46}"
EndProject
Project("{2150E333-8FDC-42A3-9474-1A3956D46DE8}") = "Odev3_4", "Odev3_4", "{2D3980CD-9829-487D-9ED7-8921264AE428}"
EndProject
Project("{FAE04EC0-301F-11D3-BF4B-00C04F79EFBC}") = "Dictionary", "Dictionary\Dictionary.csproj", "{FA4456AD-F955-49CA-A207-D374E02231D0}"
EndProject
Project("{2150E333-8FDC-42A3-9474-1A3956D46DE8}") = "Odev3_5", "Odev3_5", "{1DF68664-FB17-4722-B211-1757F4EE0091}"
EndProject
Project("{FAE04EC0-301F-11D3-BF4B-00C04F79EFBC}") = "MyDictionary", "MyDictionary\MyDictionary.csproj", "{F3EBE206-98C3-4185-9452-BBA4B405179D}"
EndProject
Global
	GlobalSection(SolutionConfigurationPlatforms) = preSolution
		Debug|Any CPU = Debug|Any CPU
		Release|Any CPU = Release|Any CPU
	EndGlobalSection
	GlobalSection(ProjectConfigurationPlatforms) = postSolution
		{7D03096C-0440-4A40-8C22-23595809F260}.Debug|Any CPU.ActiveCfg = Debug|Any CPU
		{7D03096C-0440-4A40-8C22-23595809F260}.Debug|Any CPU.Build.0 = Debug|Any CPU
		{7D03096C-0440-4A40-8C22-23595809F260}.Release|Any CPU.ActiveCfg = Release|Any CPU
		{7D03096C-0440-4A40-8C22-23595809F260}.Release|Any CPU.Build.0 = Release|Any CPU
		{7EABF281-55F1-47BD-B44C-FDE5172211A8}.Debug|Any CPU.ActiveCfg = Debug|Any CPU
		{7EABF281-55F1-47BD-B44C-FDE5172211A8}.Debug|Any CPU.Build.0 = Debug|Any CPU
		{7EABF281-55F1-47BD-B44C-FDE5172211A8}.Release|Any CPU.ActiveCfg = Release|Any CPU
		{7EABF281-55F1-47BD-B44C-FDE5172211A8}.Release|Any CPU.Build.0 = Release|Any CPU
		{C89D1C23-FBE7-442B-B1C1-CD87A888E268}.Debug|Any CPU.ActiveCfg = Debug|Any CPU
		{C89D1C23-FBE7-442B-B1C1-CD87A888E268}.Debug|Any CPU.Build.0 = Debug|Any CPU
		{C89D1C23-FBE7-442B-B1C1-CD87A888E268}.Release|Any CPU.ActiveCfg = Release|Any CPU
		{C89D1C23-FBE7-442B-B1C1-CD87A888E268}.Release|Any CPU.Build.0 = Release|Any CPU
		{EC172631-E55E-46CA-89BF-A1A3920BC381}.Debug|Any CPU.ActiveCfg = Debug|Any CPU
		{EC172631-E55E-46CA-89BF-A1A3920BC381}.Debug|Any CPU.Build.0 = Debug|Any CPU
		{EC172631-E55E-46CA-89BF-A1A3920BC381}.Release|Any CPU.ActiveCfg = Release|Any CPU
		{EC172631-E55E-46CA-89BF-A1A3920BC381}.Release|Any CPU.Build.0 = Release|Any CPU
		{AC4A9AF0-4ABD-4E16-96A4-66A6C8BB2DAA}.Debug|Any CPU.ActiveCfg = Debug|Any CPU
		{AC4A9AF0-4ABD-4E16-96A4-66A6C8BB2DAA}.Debug|Any CPU.Build.0 = Debug|Any CPU
		{AC4A9AF0-4ABD-4E16-96A4-66A6C8BB2DAA}.Release|Any CPU.ActiveCfg = Release|Any CPU
		{AC4A9AF0-4ABD-4E16-96A4-66A6C8BB2DAA}.Release|Any CPU.Build.0 = Release|Any CPU
		{D321B2F3-4D07-48BB-8123-7A5B770B2F46}.Debug|Any CPU.ActiveCfg = Debug|Any CPU
		{D321B2F3-4D07-48BB-8123-7A5B770B2F46}.Debug|Any CPU.Build.0 = Debug|Any CPU
		{D321B2F3-4D07-48BB-8123-7A5B770B2F46}.Release|Any CPU.ActiveCfg = Release|Any CPU
		{D321B2F3-4D07-48BB-8123-7A5B770B2F46}.Release|Any CPU.Build.0 = Release|Any CPU
		{FA4456AD-F955-49CA-A207-D374E02231D0}.Debug|Any CPU.ActiveCfg = Debug|Any CPU
		{FA4456AD-F955-49CA-A207-D374E02231D0}.Debug|Any CPU.Build.0 = Debug|Any CPU
		{FA4456AD-F955-49CA-A207-D374E02231D0}.Release|Any CPU.ActiveCfg = Release|Any CPU
		{FA4456AD-F955-49CA-A207-D374E02231D0}.Release|Any CPU.Build.0 = Release|Any CPU
		{F3EBE206-98C3-4185-9452-BBA4B405179D}.Debug|Any CPU.ActiveCfg = Debug|Any CPU
		{F3EBE206-98C3-4185-9452-BBA4B405179D}.Debug|Any CPU.Build.0 = Debug|Any CPU
		{F3EBE206-98C3-4185-9452-BBA4B405179D}.Release|Any CPU.ActiveCfg = Release|Any CPU
		{F3EBE206-98C3-4185-9452-BBA4B405179D}.Release|Any CPU.Build.0 = Release|Any CPU
	EndGlobalSection
	GlobalSection(SolutionProperties) = preSolution
		HideSolutionNode = FALSE
	EndGlobalSection
	GlobalSection(NestedProjects) = preSolution
		{7D03096C-0440-4A40-8C22-23595809F260} = {64B966FB-3902-410C-8FF3-C0B21243E178}
		{7EABF281-55F1-47BD-B44C-FDE5172211A8} = {822DF003-0FFB-489A-B3B0-2E403AB7B1E9}
		{C89D1C23-FBE7-442B-B1C1-CD87A888E268} = {64B966FB-3902-410C-8FF3-C0B21243E178}
		{D161CB54-8B28-4868-95C8-728BB81AA922} = {031BD383-E513-491B-A532-CDBB3775CCF1}
		{EC172631-E55E-46CA-89BF-A1A3920BC381} = {D161CB54-8B28-4868-95C8-728BB81AA922}
		{C350A458-71B3-4FD8-A2BE-F7EB3CD32C21} = {031BD383-E513-491B-A532-CDBB3775CCF1}
		{AC4A9AF0-4ABD-4E16-96A4-66A6C8BB2DAA} = {C350A458-71B3-4FD8-A2BE-F7EB3CD32C21}
		{5A8CC88D-8A8A-4152-9E35-6B25120FD0BA} = {031BD383-E513-491B-A532-CDBB3775CCF1}
		{D321B2F3-4D07-48BB-8123-7A5B770B2F46} = {5A8CC88D-8A8A-4152-9E35-6B25120FD0BA}
		{2D3980CD-9829-487D-9ED7-8921264AE428} = {031BD383-E513-491B-A532-CDBB3775CCF1}
		{FA4456AD-F955-49CA-A207-D374E02231D0} = {2D3980CD-9829-487D-9ED7-8921264AE428}
		{1DF68664-FB17-4722-B211-1757F4EE0091} = {031BD383-E513-491B-A532-CDBB3775CCF1}
		{F3EBE206-98C3-4185-9452-BBA4B405179D} = {1DF68664-FB17-4722-B211-1757F4EE0091}
	EndGlobalSection
	GlobalSection(ExtensibilityGlobals) = postSolution
		SolutionGuid = {7EECF575-DA63-49BE-A26E-4C0F7B388820}
	EndGlobalSection
EndGlobal
